
Microsoft Visual Studio Solution File, Format Version 12.00
# Visual Studio Version 17
VisualStudioVersion = 17.10.34928.147
MinimumVisualStudioVersion = 10.0.40219.1
Project("{2150E333-8FDC-42A3-9474-1A3956D46DE8}") = "src", "src", "{E5C208F3-4290-4A13-8419-29DE0E345592}"
EndProject
Project("{2150E333-8FDC-42A3-9474-1A3956D46DE8}") = "tests", "tests", "{E7E3F1DC-2E73-4396-9740-A58FAE794CF9}"
EndProject
Project("{2150E333-8FDC-42A3-9474-1A3956D46DE8}") = "Core", "Core", "{E416FC83-E666-46CB-AD9D-9B1BF514B4F9}"
EndProject
Project("{2150E333-8FDC-42A3-9474-1A3956D46DE8}") = "External", "External", "{4B329CD8-4FDC-462D-9388-DC4C8FA1BAC2}"
EndProject
Project("{FAE04EC0-301F-11D3-BF4B-00C04F79EFBC}") = "PChat.WebAPI", "PChat.WebAPI\PChat.WebAPI.csproj", "{AA39D377-E101-4DE8-8ACC-BA1DF395F10E}"
EndProject
Project("{FAE04EC0-301F-11D3-BF4B-00C04F79EFBC}") = "PChat.Application", "PChat.Application\PChat.Application.csproj", "{7791C8C4-488E-4AD3-ADB0-C1D730830330}"
EndProject
Project("{FAE04EC0-301F-11D3-BF4B-00C04F79EFBC}") = "PChat.Domain", "PChat.Domain\PChat.Domain.csproj", "{E36A345E-A876-4004-B62C-866143B3F870}"
EndProject
Project("{FAE04EC0-301F-11D3-BF4B-00C04F79EFBC}") = "PChat.Persistance", "PChat.Persistance\PChat.Persistance.csproj", "{C3B53B08-8511-4136-A902-22B231B82E43}"
EndProject
Project("{FAE04EC0-301F-11D3-BF4B-00C04F79EFBC}") = "PChat.Presentation", "PChat.Presentation\PChat.Presentation.csproj", "{BC9E3A51-FA54-4D73-A00F-E89ED165D5ED}"
EndProject
Project("{FAE04EC0-301F-11D3-BF4B-00C04F79EFBC}") = "PChat.Infrastructure", "PChat.Infrastructure\PChat.Infrastructure.csproj", "{65D86508-154F-43A5-A942-69729E8B02E1}"
EndProject
Project("{FAE04EC0-301F-11D3-BF4B-00C04F79EFBC}") = "PChat.UnitTests", "PChat.UnitTests\PChat.UnitTests.csproj", "{9A87F891-5363-44EB-94B6-AE53B9B86BBE}"
EndProject
Global
	GlobalSection(SolutionConfigurationPlatforms) = preSolution
		Debug|Any CPU = Debug|Any CPU
		Release|Any CPU = Release|Any CPU
	EndGlobalSection
	GlobalSection(ProjectConfigurationPlatforms) = postSolution
		{AA39D377-E101-4DE8-8ACC-BA1DF395F10E}.Debug|Any CPU.ActiveCfg = Debug|Any CPU
		{AA39D377-E101-4DE8-8ACC-BA1DF395F10E}.Debug|Any CPU.Build.0 = Debug|Any CPU
		{AA39D377-E101-4DE8-8ACC-BA1DF395F10E}.Release|Any CPU.ActiveCfg = Release|Any CPU
		{AA39D377-E101-4DE8-8ACC-BA1DF395F10E}.Release|Any CPU.Build.0 = Release|Any CPU
		{7791C8C4-488E-4AD3-ADB0-C1D730830330}.Debug|Any CPU.ActiveCfg = Debug|Any CPU
		{7791C8C4-488E-4AD3-ADB0-C1D730830330}.Debug|Any CPU.Build.0 = Debug|Any CPU
		{7791C8C4-488E-4AD3-ADB0-C1D730830330}.Release|Any CPU.ActiveCfg = Release|Any CPU
		{7791C8C4-488E-4AD3-ADB0-C1D730830330}.Release|Any CPU.Build.0 = Release|Any CPU
		{E36A345E-A876-4004-B62C-866143B3F870}.Debug|Any CPU.ActiveCfg = Debug|Any CPU
		{E36A345E-A876-4004-B62C-866143B3F870}.Debug|Any CPU.Build.0 = Debug|Any CPU
		{E36A345E-A876-4004-B62C-866143B3F870}.Release|Any CPU.ActiveCfg = Release|Any CPU
		{E36A345E-A876-4004-B62C-866143B3F870}.Release|Any CPU.Build.0 = Release|Any CPU
		{C3B53B08-8511-4136-A902-22B231B82E43}.Debug|Any CPU.ActiveCfg = Debug|Any CPU
		{C3B53B08-8511-4136-A902-22B231B82E43}.Debug|Any CPU.Build.0 = Debug|Any CPU
		{C3B53B08-8511-4136-A902-22B231B82E43}.Release|Any CPU.ActiveCfg = Release|Any CPU
		{C3B53B08-8511-4136-A902-22B231B82E43}.Release|Any CPU.Build.0 = Release|Any CPU
		{BC9E3A51-FA54-4D73-A00F-E89ED165D5ED}.Debug|Any CPU.ActiveCfg = Debug|Any CPU
		{BC9E3A51-FA54-4D73-A00F-E89ED165D5ED}.Debug|Any CPU.Build.0 = Debug|Any CPU
		{BC9E3A51-FA54-4D73-A00F-E89ED165D5ED}.Release|Any CPU.ActiveCfg = Release|Any CPU
		{BC9E3A51-FA54-4D73-A00F-E89ED165D5ED}.Release|Any CPU.Build.0 = Release|Any CPU
		{65D86508-154F-43A5-A942-69729E8B02E1}.Debug|Any CPU.ActiveCfg = Debug|Any CPU
		{65D86508-154F-43A5-A942-69729E8B02E1}.Debug|Any CPU.Build.0 = Debug|Any CPU
		{65D86508-154F-43A5-A942-69729E8B02E1}.Release|Any CPU.ActiveCfg = Release|Any CPU
		{65D86508-154F-43A5-A942-69729E8B02E1}.Release|Any CPU.Build.0 = Release|Any CPU
		{9A87F891-5363-44EB-94B6-AE53B9B86BBE}.Debug|Any CPU.ActiveCfg = Debug|Any CPU
		{9A87F891-5363-44EB-94B6-AE53B9B86BBE}.Debug|Any CPU.Build.0 = Debug|Any CPU
		{9A87F891-5363-44EB-94B6-AE53B9B86BBE}.Release|Any CPU.ActiveCfg = Release|Any CPU
		{9A87F891-5363-44EB-94B6-AE53B9B86BBE}.Release|Any CPU.Build.0 = Release|Any CPU
	EndGlobalSection
	GlobalSection(SolutionProperties) = preSolution
		HideSolutionNode = FALSE
	EndGlobalSection
	GlobalSection(NestedProjects) = preSolution
		{E416FC83-E666-46CB-AD9D-9B1BF514B4F9} = {E5C208F3-4290-4A13-8419-29DE0E345592}
		{4B329CD8-4FDC-462D-9388-DC4C8FA1BAC2} = {E5C208F3-4290-4A13-8419-29DE0E345592}
		{AA39D377-E101-4DE8-8ACC-BA1DF395F10E} = {E5C208F3-4290-4A13-8419-29DE0E345592}
		{7791C8C4-488E-4AD3-ADB0-C1D730830330} = {E416FC83-E666-46CB-AD9D-9B1BF514B4F9}
		{E36A345E-A876-4004-B62C-866143B3F870} = {E416FC83-E666-46CB-AD9D-9B1BF514B4F9}
		{C3B53B08-8511-4136-A902-22B231B82E43} = {4B329CD8-4FDC-462D-9388-DC4C8FA1BAC2}
		{BC9E3A51-FA54-4D73-A00F-E89ED165D5ED} = {4B329CD8-4FDC-462D-9388-DC4C8FA1BAC2}
		{65D86508-154F-43A5-A942-69729E8B02E1} = {4B329CD8-4FDC-462D-9388-DC4C8FA1BAC2}
		{9A87F891-5363-44EB-94B6-AE53B9B86BBE} = {E7E3F1DC-2E73-4396-9740-A58FAE794CF9}
	EndGlobalSection
	GlobalSection(ExtensibilityGlobals) = postSolution
		SolutionGuid = {D5C835D5-B1DD-4FEF-8578-AC8B7EF0F605}
	EndGlobalSection
EndGlobal
